
Microsoft Visual Studio Solution File, Format Version 12.00
# Visual Studio Version 18
VisualStudioVersion = 18.3.11415.281
MinimumVisualStudioVersion = 10.0.40219.1
Project("{FAE04EC0-301F-11D3-BF4B-00C04F79EFBC}") = "BSNTools.Web", "BSNTools.Web\BSNTools.Web.csproj", "{4D1D0575-39E8-441F-A775-E02D53DE7CDA}"
	ProjectSection(ProjectDependencies) = postProject
		{31B5D25A-B7A3-4F11-9327-C9A724A75352} = {31B5D25A-B7A3-4F11-9327-C9A724A75352}
	EndProjectSection
EndProject
Project("{FAE04EC0-301F-11D3-BF4B-00C04F79EFBC}") = "BSNTools.Web.API", "BSNTools.Web.API\BSNTools.Web.API.csproj", "{31B5D25A-B7A3-4F11-9327-C9A724A75352}"
EndProject
Global
	GlobalSection(SolutionConfigurationPlatforms) = preSolution
		Debug|Any CPU = Debug|Any CPU
		Release|Any CPU = Release|Any CPU
	EndGlobalSection
	GlobalSection(ProjectConfigurationPlatforms) = postSolution
		{4D1D0575-39E8-441F-A775-E02D53DE7CDA}.Debug|Any CPU.ActiveCfg = Debug|Any CPU
		{4D1D0575-39E8-441F-A775-E02D53DE7CDA}.Debug|Any CPU.Build.0 = Debug|Any CPU
		{4D1D0575-39E8-441F-A775-E02D53DE7CDA}.Release|Any CPU.ActiveCfg = Release|Any CPU
		{4D1D0575-39E8-441F-A775-E02D53DE7CDA}.Release|Any CPU.Build.0 = Release|Any CPU
		{31B5D25A-B7A3-4F11-9327-C9A724A75352}.Debug|Any CPU.ActiveCfg = Debug|Any CPU
		{31B5D25A-B7A3-4F11-9327-C9A724A75352}.Debug|Any CPU.Build.0 = Debug|Any CPU
		{31B5D25A-B7A3-4F11-9327-C9A724A75352}.Release|Any CPU.ActiveCfg = Release|Any CPU
		{31B5D25A-B7A3-4F11-9327-C9A724A75352}.Release|Any CPU.Build.0 = Release|Any CPU
	EndGlobalSection
	GlobalSection(SolutionProperties) = preSolution
		HideSolutionNode = FALSE
	EndGlobalSection
	GlobalSection(ExtensibilityGlobals) = postSolution
		SolutionGuid = {F4DAA1CA-E9E6-4CD5-BD20-8D836FCB69A2}
	EndGlobalSection
EndGlobal
